// !$*UTF8*$!
{
	archiveVersion = 1;
	classes = {
	};
	objectVersion = 55;
	objects = {

/* Begin PBXBuildFile section */
		3C53544027D9483300AC2AD9 /* GeoIPApp.swift in Sources */ = {isa = PBXBuildFile; fileRef = 3C53543F27D9483300AC2AD9 /* GeoIPApp.swift */; };
		3C53544227D9483300AC2AD9 /* ContentView.swift in Sources */ = {isa = PBXBuildFile; fileRef = 3C53544127D9483300AC2AD9 /* ContentView.swift */; };
		3C53544427D9483400AC2AD9 /* Assets.xcassets in Resources */ = {isa = PBXBuildFile; fileRef = 3C53544327D9483400AC2AD9 /* Assets.xcassets */; };
		3C53544727D9483400AC2AD9 /* Preview Assets.xcassets in Resources */ = {isa = PBXBuildFile; fileRef = 3C53544627D9483400AC2AD9 /* Preview Assets.xcassets */; };
		3C53544927D9483400AC2AD9 /* Persistence.swift in Sources */ = {isa = PBXBuildFile; fileRef = 3C53544827D9483400AC2AD9 /* Persistence.swift */; };
		3C53544C27D9483400AC2AD9 /* GeoIP.xcdatamodeld in Sources */ = {isa = PBXBuildFile; fileRef = 3C53544A27D9483400AC2AD9 /* GeoIP.xcdatamodeld */; };
		3C53545627D9483400AC2AD9 /* GeoIPTests.swift in Sources */ = {isa = PBXBuildFile; fileRef = 3C53545527D9483400AC2AD9 /* GeoIPTests.swift */; };
		3C53546027D9483400AC2AD9 /* GeoIPUITests.swift in Sources */ = {isa = PBXBuildFile; fileRef = 3C53545F27D9483400AC2AD9 /* GeoIPUITests.swift */; };
		3C53546227D9483400AC2AD9 /* GeoIPUITestsLaunchTests.swift in Sources */ = {isa = PBXBuildFile; fileRef = 3C53546127D9483400AC2AD9 /* GeoIPUITestsLaunchTests.swift */; };
/* End PBXBuildFile section */

/* Begin PBXContainerItemProxy section */
		3C53545227D9483400AC2AD9 /* PBXContainerItemProxy */ = {
			isa = PBXContainerItemProxy;
			containerPortal = 3C53543427D9483300AC2AD9 /* Project object */;
			proxyType = 1;
			remoteGlobalIDString = 3C53543B27D9483300AC2AD9;
			remoteInfo = GeoIP;
		};
		3C53545C27D9483400AC2AD9 /* PBXContainerItemProxy */ = {
			isa = PBXContainerItemProxy;
			containerPortal = 3C53543427D9483300AC2AD9 /* Project object */;
			proxyType = 1;
			remoteGlobalIDString = 3C53543B27D9483300AC2AD9;
			remoteInfo = GeoIP;
		};
/* End PBXContainerItemProxy section */

/* Begin PBXFileReference section */
		3C53543C27D9483300AC2AD9 /* GeoIP.app */ = {isa = PBXFileReference; explicitFileType = wrapper.application; includeInIndex = 0; path = GeoIP.app; sourceTree = BUILT_PRODUCTS_DIR; };
		3C53543F27D9483300AC2AD9 /* GeoIPApp.swift */ = {isa = PBXFileReference; lastKnownFileType = sourcecode.swift; path = GeoIPApp.swift; sourceTree = "<group>"; };
		3C53544127D9483300AC2AD9 /* ContentView.swift */ = {isa = PBXFileReference; lastKnownFileType = sourcecode.swift; path = ContentView.swift; sourceTree = "<group>"; };
		3C53544327D9483400AC2AD9 /* Assets.xcassets */ = {isa = PBXFileReference; lastKnownFileType = folder.assetcatalog; path = Assets.xcassets; sourceTree = "<group>"; };
		3C53544627D9483400AC2AD9 /* Preview Assets.xcassets */ = {isa = PBXFileReference; lastKnownFileType = folder.assetcatalog; path = "Preview Assets.xcassets"; sourceTree = "<group>"; };
		3C53544827D9483400AC2AD9 /* Persistence.swift */ = {isa = PBXFileReference; lastKnownFileType = sourcecode.swift; path = Persistence.swift; sourceTree = "<group>"; };
		3C53544B27D9483400AC2AD9 /* GeoIP.xcdatamodel */ = {isa = PBXFileReference; lastKnownFileType = wrapper.xcdatamodel; path = GeoIP.xcdatamodel; sourceTree = "<group>"; };
		3C53545127D9483400AC2AD9 /* GeoIPTests.xctest */ = {isa = PBXFileReference; explicitFileType = wrapper.cfbundle; includeInIndex = 0; path = GeoIPTests.xctest; sourceTree = BUILT_PRODUCTS_DIR; };
		3C53545527D9483400AC2AD9 /* GeoIPTests.swift */ = {isa = PBXFileReference; lastKnownFileType = sourcecode.swift; path = GeoIPTests.swift; sourceTree = "<group>"; };
		3C53545B27D9483400AC2AD9 /* GeoIPUITests.xctest */ = {isa = PBXFileReference; explicitFileType = wrapper.cfbundle; includeInIndex = 0; path = GeoIPUITests.xctest; sourceTree = BUILT_PRODUCTS_DIR; };
		3C53545F27D9483400AC2AD9 /* GeoIPUITests.swift */ = {isa = PBXFileReference; lastKnownFileType = sourcecode.swift; path = GeoIPUITests.swift; sourceTree = "<group>"; };
		3C53546127D9483400AC2AD9 /* GeoIPUITestsLaunchTests.swift */ = {isa = PBXFileReference; lastKnownFileType = sourcecode.swift; path = GeoIPUITestsLaunchTests.swift; sourceTree = "<group>"; };
/* End PBXFileReference section */

/* Begin PBXFrameworksBuildPhase section */
		3C53543927D9483300AC2AD9 /* Frameworks */ = {
			isa = PBXFrameworksBuildPhase;
			buildActionMask = 2147483647;
			files = (
			);
			runOnlyForDeploymentPostprocessing = 0;
		};
		3C53544E27D9483400AC2AD9 /* Frameworks */ = {
			isa = PBXFrameworksBuildPhase;
			buildActionMask = 2147483647;
			files = (
			);
			runOnlyForDeploymentPostprocessing = 0;
		};
		3C53545827D9483400AC2AD9 /* Frameworks */ = {
			isa = PBXFrameworksBuildPhase;
			buildActionMask = 2147483647;
			files = (
			);
			runOnlyForDeploymentPostprocessing = 0;
		};
/* End PBXFrameworksBuildPhase section */

/* Begin PBXGroup section */
		3C53543327D9483300AC2AD9 = {
			isa = PBXGroup;
			children = (
				3C53543E27D9483300AC2AD9 /* GeoIP */,
				3C53545427D9483400AC2AD9 /* GeoIPTests */,
				3C53545E27D9483400AC2AD9 /* GeoIPUITests */,
				3C53543D27D9483300AC2AD9 /* Products */,
			);
			sourceTree = "<group>";
		};
		3C53543D27D9483300AC2AD9 /* Products */ = {
			isa = PBXGroup;
			children = (
				3C53543C27D9483300AC2AD9 /* GeoIP.app */,
				3C53545127D9483400AC2AD9 /* GeoIPTests.xctest */,
				3C53545B27D9483400AC2AD9 /* GeoIPUITests.xctest */,
			);
			name = Products;
			sourceTree = "<group>";
		};
		3C53543E27D9483300AC2AD9 /* GeoIP */ = {
			isa = PBXGroup;
			children = (
				3C53543F27D9483300AC2AD9 /* GeoIPApp.swift */,
				3C53544127D9483300AC2AD9 /* ContentView.swift */,
				3C53544327D9483400AC2AD9 /* Assets.xcassets */,
				3C53544827D9483400AC2AD9 /* Persistence.swift */,
				3C53544A27D9483400AC2AD9 /* GeoIP.xcdatamodeld */,
				3C53544527D9483400AC2AD9 /* Preview Content */,
			);
			path = GeoIP;
			sourceTree = "<group>";
		};
		3C53544527D9483400AC2AD9 /* Preview Content */ = {
			isa = PBXGroup;
			children = (
				3C53544627D9483400AC2AD9 /* Preview Assets.xcassets */,
			);
			path = "Preview Content";
			sourceTree = "<group>";
		};
		3C53545427D9483400AC2AD9 /* GeoIPTests */ = {
			isa = PBXGroup;
			children = (
				3C53545527D9483400AC2AD9 /* GeoIPTests.swift */,
			);
			path = GeoIPTests;
			sourceTree = "<group>";
		};
		3C53545E27D9483400AC2AD9 /* GeoIPUITests */ = {
			isa = PBXGroup;
			children = (
				3C53545F27D9483400AC2AD9 /* GeoIPUITests.swift */,
				3C53546127D9483400AC2AD9 /* GeoIPUITestsLaunchTests.swift */,
			);
			path = GeoIPUITests;
			sourceTree = "<group>";
		};
/* End PBXGroup section */

/* Begin PBXNativeTarget section */
		3C53543B27D9483300AC2AD9 /* GeoIP */ = {
			isa = PBXNativeTarget;
			buildConfigurationList = 3C53546527D9483400AC2AD9 /* Build configuration list for PBXNativeTarget "GeoIP" */;
			buildPhases = (
				3C53543827D9483300AC2AD9 /* Sources */,
				3C53543927D9483300AC2AD9 /* Frameworks */,
				3C53543A27D9483300AC2AD9 /* Resources */,
			);
			buildRules = (
			);
			dependencies = (
			);
			name = GeoIP;
			productName = GeoIP;
			productReference = 3C53543C27D9483300AC2AD9 /* GeoIP.app */;
			productType = "com.apple.product-type.application";
		};
		3C53545027D9483400AC2AD9 /* GeoIPTests */ = {
			isa = PBXNativeTarget;
			buildConfigurationList = 3C53546827D9483400AC2AD9 /* Build configuration list for PBXNativeTarget "GeoIPTests" */;
			buildPhases = (
				3C53544D27D9483400AC2AD9 /* Sources */,
				3C53544E27D9483400AC2AD9 /* Frameworks */,
				3C53544F27D9483400AC2AD9 /* Resources */,
			);
			buildRules = (
			);
			dependencies = (
				3C53545327D9483400AC2AD9 /* PBXTargetDependency */,
			);
			name = GeoIPTests;
			productName = GeoIPTests;
			productReference = 3C53545127D9483400AC2AD9 /* GeoIPTests.xctest */;
			productType = "com.apple.product-type.bundle.unit-test";
		};
		3C53545A27D9483400AC2AD9 /* GeoIPUITests */ = {
			isa = PBXNativeTarget;
			buildConfigurationList = 3C53546B27D9483400AC2AD9 /* Build configuration list for PBXNativeTarget "GeoIPUITests" */;
			buildPhases = (
				3C53545727D9483400AC2AD9 /* Sources */,
				3C53545827D9483400AC2AD9 /* Frameworks */,
				3C53545927D9483400AC2AD9 /* Resources */,
			);
			buildRules = (
			);
			dependencies = (
				3C53545D27D9483400AC2AD9 /* PBXTargetDependency */,
			);
			name = GeoIPUITests;
			productName = GeoIPUITests;
			productReference = 3C53545B27D9483400AC2AD9 /* GeoIPUITests.xctest */;
			productType = "com.apple.product-type.bundle.ui-testing";
		};
/* End PBXNativeTarget section */

/* Begin PBXProject section */
		3C53543427D9483300AC2AD9 /* Project object */ = {
			isa = PBXProject;
			attributes = {
				BuildIndependentTargetsInParallel = 1;
				LastSwiftUpdateCheck = 1320;
				LastUpgradeCheck = 1320;
				TargetAttributes = {
					3C53543B27D9483300AC2AD9 = {
						CreatedOnToolsVersion = 13.2.1;
					};
					3C53545027D9483400AC2AD9 = {
						CreatedOnToolsVersion = 13.2.1;
						TestTargetID = 3C53543B27D9483300AC2AD9;
					};
					3C53545A27D9483400AC2AD9 = {
						CreatedOnToolsVersion = 13.2.1;
						TestTargetID = 3C53543B27D9483300AC2AD9;
					};
				};
			};
			buildConfigurationList = 3C53543727D9483300AC2AD9 /* Build configuration list for PBXProject "GeoIP" */;
			compatibilityVersion = "Xcode 13.0";
			developmentRegion = en;
			hasScannedForEncodings = 0;
			knownRegions = (
				en,
				Base,
			);
			mainGroup = 3C53543327D9483300AC2AD9;
			productRefGroup = 3C53543D27D9483300AC2AD9 /* Products */;
			projectDirPath = "";
			projectRoot = "";
			targets = (
				3C53543B27D9483300AC2AD9 /* GeoIP */,
				3C53545027D9483400AC2AD9 /* GeoIPTests */,
				3C53545A27D9483400AC2AD9 /* GeoIPUITests */,
			);
		};
/* End PBXProject section */

/* Begin PBXResourcesBuildPhase section */
		3C53543A27D9483300AC2AD9 /* Resources */ = {
			isa = PBXResourcesBuildPhase;
			buildActionMask = 2147483647;
			files = (
				3C53544727D9483400AC2AD9 /* Preview Assets.xcassets in Resources */,
				3C53544427D9483400AC2AD9 /* Assets.xcassets in Resources */,
			);
			runOnlyForDeploymentPostprocessing = 0;
		};
		3C53544F27D9483400AC2AD9 /* Resources */ = {
			isa = PBXResourcesBuildPhase;
			buildActionMask = 2147483647;
			files = (
			);
			runOnlyForDeploymentPostprocessing = 0;
		};
		3C53545927D9483400AC2AD9 /* Resources */ = {
			isa = PBXResourcesBuildPhase;
			buildActionMask = 2147483647;
			files = (
			);
			runOnlyForDeploymentPostprocessing = 0;
		};
/* End PBXResourcesBuildPhase section */

/* Begin PBXSourcesBuildPhase section */
		3C53543827D9483300AC2AD9 /* Sources */ = {
			isa = PBXSourcesBuildPhase;
			buildActionMask = 2147483647;
			files = (
				3C53544927D9483400AC2AD9 /* Persistence.swift in Sources */,
				3C53544227D9483300AC2AD9 /* ContentView.swift in Sources */,
				3C53544C27D9483400AC2AD9 /* GeoIP.xcdatamodeld in Sources */,
				3C53544027D9483300AC2AD9 /* GeoIPApp.swift in Sources */,
			);
			runOnlyForDeploymentPostprocessing = 0;
		};
		3C53544D27D9483400AC2AD9 /* Sources */ = {
			isa = PBXSourcesBuildPhase;
			buildActionMask = 2147483647;
			files = (
				3C53545627D9483400AC2AD9 /* GeoIPTests.swift in Sources */,
			);
			runOnlyForDeploymentPostprocessing = 0;
		};
		3C53545727D9483400AC2AD9 /* Sources */ = {
			isa = PBXSourcesBuildPhase;
			buildActionMask = 2147483647;
			files = (
				3C53546027D9483400AC2AD9 /* GeoIPUITests.swift in Sources */,
				3C53546227D9483400AC2AD9 /* GeoIPUITestsLaunchTests.swift in Sources */,
			);
			runOnlyForDeploymentPostprocessing = 0;
		};
/* End PBXSourcesBuildPhase section */

/* Begin PBXTargetDependency section */
		3C53545327D9483400AC2AD9 /* PBXTargetDependency */ = {
			isa = PBXTargetDependency;
			target = 3C53543B27D9483300AC2AD9 /* GeoIP */;
			targetProxy = 3C53545227D9483400AC2AD9 /* PBXContainerItemProxy */;
		};
		3C53545D27D9483400AC2AD9 /* PBXTargetDependency */ = {
			isa = PBXTargetDependency;
			target = 3C53543B27D9483300AC2AD9 /* GeoIP */;
			targetProxy = 3C53545C27D9483400AC2AD9 /* PBXContainerItemProxy */;
		};
/* End PBXTargetDependency section */

/* Begin XCBuildConfiguration section */
		3C53546327D9483400AC2AD9 /* Debug */ = {
			isa = XCBuildConfiguration;
			buildSettings = {
				ALWAYS_SEARCH_USER_PATHS = NO;
				CLANG_ANALYZER_NONNULL = YES;
				CLANG_ANALYZER_NUMBER_OBJECT_CONVERSION = YES_AGGRESSIVE;
				CLANG_CXX_LANGUAGE_STANDARD = "gnu++17";
				CLANG_CXX_LIBRARY = "libc++";
				CLANG_ENABLE_MODULES = YES;
				CLANG_ENABLE_OBJC_ARC = YES;
				CLANG_ENABLE_OBJC_WEAK = YES;
				CLANG_WARN_BLOCK_CAPTURE_AUTORELEASING = YES;
				CLANG_WARN_BOOL_CONVERSION = YES;
				CLANG_WARN_COMMA = YES;
				CLANG_WARN_CONSTANT_CONVERSION = YES;
				CLANG_WARN_DEPRECATED_OBJC_IMPLEMENTATIONS = YES;
				CLANG_WARN_DIRECT_OBJC_ISA_USAGE = YES_ERROR;
				CLANG_WARN_DOCUMENTATION_COMMENTS = YES;
				CLANG_WARN_EMPTY_BODY = YES;
				CLANG_WARN_ENUM_CONVERSION = YES;
				CLANG_WARN_INFINITE_RECURSION = YES;
				CLANG_WARN_INT_CONVERSION = YES;
				CLANG_WARN_NON_LITERAL_NULL_CONVERSION = YES;
				CLANG_WARN_OBJC_IMPLICIT_RETAIN_SELF = YES;
				CLANG_WARN_OBJC_LITERAL_CONVERSION = YES;
				CLANG_WARN_OBJC_ROOT_CLASS = YES_ERROR;
				CLANG_WARN_QUOTED_INCLUDE_IN_FRAMEWORK_HEADER = YES;
				CLANG_WARN_RANGE_LOOP_ANALYSIS = YES;
				CLANG_WARN_STRICT_PROTOTYPES = YES;
				CLANG_WARN_SUSPICIOUS_MOVE = YES;
				CLANG_WARN_UNGUARDED_AVAILABILITY = YES_AGGRESSIVE;
				CLANG_WARN_UNREACHABLE_CODE = YES;
				CLANG_WARN__DUPLICATE_METHOD_MATCH = YES;
				COPY_PHASE_STRIP = NO;
				DEBUG_INFORMATION_FORMAT = dwarf;
				ENABLE_STRICT_OBJC_MSGSEND = YES;
				ENABLE_TESTABILITY = YES;
				GCC_C_LANGUAGE_STANDARD = gnu11;
				GCC_DYNAMIC_NO_PIC = NO;
				GCC_NO_COMMON_BLOCKS = YES;
				GCC_OPTIMIZATION_LEVEL = 0;
				GCC_PREPROCESSOR_DEFINITIONS = (
					"DEBUG=1",
					"$(inherited)",
				);
				GCC_WARN_64_TO_32_BIT_CONVERSION = YES;
				GCC_WARN_ABOUT_RETURN_TYPE = YES_ERROR;
				GCC_WARN_UNDECLARED_SELECTOR = YES;
				GCC_WARN_UNINITIALIZED_AUTOS = YES_AGGRESSIVE;
				GCC_WARN_UNUSED_FUNCTION = YES;
				GCC_WARN_UNUSED_VARIABLE = YES;
				IPHONEOS_DEPLOYMENT_TARGET = 15.2;
				MTL_ENABLE_DEBUG_INFO = INCLUDE_SOURCE;
				MTL_FAST_MATH = YES;
				ONLY_ACTIVE_ARCH = YES;
				SDKROOT = iphoneos;
				SWIFT_ACTIVE_COMPILATION_CONDITIONS = DEBUG;
				SWIFT_OPTIMIZATION_LEVEL = "-Onone";
			};
			name = Debug;
		};
		3C53546427D9483400AC2AD9 /* Release */ = {
			isa = XCBuildConfiguration;
			buildSettings = {
				ALWAYS_SEARCH_USER_PATHS = NO;
				CLANG_ANALYZER_NONNULL = YES;
				CLANG_ANALYZER_NUMBER_OBJECT_CONVERSION = YES_AGGRESSIVE;
				CLANG_CXX_LANGUAGE_STANDARD = "gnu++17";
				CLANG_CXX_LIBRARY = "libc++";
				CLANG_ENABLE_MODULES = YES;
				CLANG_ENABLE_OBJC_ARC = YES;
				CLANG_ENABLE_OBJC_WEAK = YES;
				CLANG_WARN_BLOCK_CAPTURE_AUTORELEASING = YES;
				CLANG_WARN_BOOL_CONVERSION = YES;
				CLANG_WARN_COMMA = YES;
				CLANG_WARN_CONSTANT_CONVERSION = YES;
				CLANG_WARN_DEPRECATED_OBJC_IMPLEMENTATIONS = YES;
				CLANG_WARN_DIRECT_OBJC_ISA_USAGE = YES_ERROR;
				CLANG_WARN_DOCUMENTATION_COMMENTS = YES;
				CLANG_WARN_EMPTY_BODY = YES;
				CLANG_WARN_ENUM_CONVERSION = YES;
				CLANG_WARN_INFINITE_RECURSION = YES;
				CLANG_WARN_INT_CONVERSION = YES;
				CLANG_WARN_NON_LITERAL_NULL_CONVERSION = YES;
				CLANG_WARN_OBJC_IMPLICIT_RETAIN_SELF = YES;
				CLANG_WARN_OBJC_LITERAL_CONVERSION = YES;
				CLANG_WARN_OBJC_ROOT_CLASS = YES_ERROR;
				CLANG_WARN_QUOTED_INCLUDE_IN_FRAMEWORK_HEADER = YES;
				CLANG_WARN_RANGE_LOOP_ANALYSIS = YES;
				CLANG_WARN_STRICT_PROTOTYPES = YES;
				CLANG_WARN_SUSPICIOUS_MOVE = YES;
				CLANG_WARN_UNGUARDED_AVAILABILITY = YES_AGGRESSIVE;
				CLANG_WARN_UNREACHABLE_CODE = YES;
				CLANG_WARN__DUPLICATE_METHOD_MATCH = YES;
				COPY_PHASE_STRIP = NO;
				DEBUG_INFORMATION_FORMAT = "dwarf-with-dsym";
				ENABLE_NS_ASSERTIONS = NO;
				ENABLE_STRICT_OBJC_MSGSEND = YES;
				GCC_C_LANGUAGE_STANDARD = gnu11;
				GCC_NO_COMMON_BLOCKS = YES;
				GCC_WARN_64_TO_32_BIT_CONVERSION = YES;
				GCC_WARN_ABOUT_RETURN_TYPE = YES_ERROR;
				GCC_WARN_UNDECLARED_SELECTOR = YES;
				GCC_WARN_UNINITIALIZED_AUTOS = YES_AGGRESSIVE;
				GCC_WARN_UNUSED_FUNCTION = YES;
				GCC_WARN_UNUSED_VARIABLE = YES;
				IPHONEOS_DEPLOYMENT_TARGET = 15.2;
				MTL_ENABLE_DEBUG_INFO = NO;
				MTL_FAST_MATH = YES;
				SDKROOT = iphoneos;
				SWIFT_COMPILATION_MODE = wholemodule;
				SWIFT_OPTIMIZATION_LEVEL = "-O";
				VALIDATE_PRODUCT = YES;
			};
			name = Release;
		};
		3C53546627D9483400AC2AD9 /* Debug */ = {
			isa = XCBuildConfiguration;
			buildSettings = {
				ASSETCATALOG_COMPILER_APPICON_NAME = AppIcon;
				ASSETCATALOG_COMPILER_GLOBAL_ACCENT_COLOR_NAME = AccentColor;
				CODE_SIGN_STYLE = Automatic;
				CURRENT_PROJECT_VERSION = 1;
				DEVELOPMENT_ASSET_PATHS = "\"GeoIP/Preview Content\"";
				DEVELOPMENT_TEAM = FTZ5GSJXFQ;
				ENABLE_PREVIEWS = YES;
				GENERATE_INFOPLIST_FILE = YES;
				INFOPLIST_KEY_UIApplicationSceneManifest_Generation = YES;
				INFOPLIST_KEY_UIApplicationSupportsIndirectInputEvents = YES;
				INFOPLIST_KEY_UILaunchScreen_Generation = YES;
				INFOPLIST_KEY_UISupportedInterfaceOrientations_iPad = "UIInterfaceOrientationPortrait UIInterfaceOrientationPortraitUpsideDown UIInterfaceOrientationLandscapeLeft UIInterfaceOrientationLandscapeRight";
				INFOPLIST_KEY_UISupportedInterfaceOrientations_iPhone = "UIInterfaceOrientationPortrait UIInterfaceOrientationLandscapeLeft UIInterfaceOrientationLandscapeRight";
				LD_RUNPATH_SEARCH_PATHS = (
					"$(inherited)",
					"@executable_path/Frameworks",
				);
				MARKETING_VERSION = 1.0;
				PRODUCT_BUNDLE_IDENTIFIER = com.icloud.nalaai.GeoIP;
				PRODUCT_NAME = "$(TARGET_NAME)";
				SWIFT_EMIT_LOC_STRINGS = YES;
				SWIFT_VERSION = 5.0;
				TARGETED_DEVICE_FAMILY = "1,2";
			};
			name = Debug;
		};
		3C53546727D9483400AC2AD9 /* Release */ = {
			isa = XCBuildConfiguration;
			buildSettings = {
				ASSETCATALOG_COMPILER_APPICON_NAME = AppIcon;
				ASSETCATALOG_COMPILER_GLOBAL_ACCENT_COLOR_NAME = AccentColor;
				CODE_SIGN_STYLE = Automatic;
				CURRENT_PROJECT_VERSION = 1;
				DEVELOPMENT_ASSET_PATHS = "\"GeoIP/Preview Content\"";
				DEVELOPMENT_TEAM = FTZ5GSJXFQ;
				ENABLE_PREVIEWS = YES;
				GENERATE_INFOPLIST_FILE = YES;
				INFOPLIST_KEY_UIApplicationSceneManifest_Generation = YES;
				INFOPLIST_KEY_UIApplicationSupportsIndirectInputEvents = YES;
				INFOPLIST_KEY_UILaunchScreen_Generation = YES;
				INFOPLIST_KEY_UISupportedInterfaceOrientations_iPad = "UIInterfaceOrientationPortrait UIInterfaceOrientationPortraitUpsideDown UIInterfaceOrientationLandscapeLeft UIInterfaceOrientationLandscapeRight";
				INFOPLIST_KEY_UISupportedInterfaceOrientations_iPhone = "UIInterfaceOrientationPortrait UIInterfaceOrientationLandscapeLeft UIInterfaceOrientationLandscapeRight";
				LD_RUNPATH_SEARCH_PATHS = (
					"$(inherited)",
					"@executable_path/Frameworks",
				);
				MARKETING_VERSION = 1.0;
				PRODUCT_BUNDLE_IDENTIFIER = com.icloud.nalaai.GeoIP;
				PRODUCT_NAME = "$(TARGET_NAME)";
				SWIFT_EMIT_LOC_STRINGS = YES;
				SWIFT_VERSION = 5.0;
				TARGETED_DEVICE_FAMILY = "1,2";
			};
			name = Release;
		};
		3C53546927D9483400AC2AD9 /* Debug */ = {
			isa = XCBuildConfiguration;
			buildSettings = {
				ALWAYS_EMBED_SWIFT_STANDARD_LIBRARIES = YES;
				BUNDLE_LOADER = "$(TEST_HOST)";
				CODE_SIGN_STYLE = Automatic;
				CURRENT_PROJECT_VERSION = 1;
				DEVELOPMENT_TEAM = FTZ5GSJXFQ;
				GENERATE_INFOPLIST_FILE = YES;
				IPHONEOS_DEPLOYMENT_TARGET = 15.2;
				MARKETING_VERSION = 1.0;
				PRODUCT_BUNDLE_IDENTIFIER = com.icloud.nalaai.GeoIPTests;
				PRODUCT_NAME = "$(TARGET_NAME)";
				SWIFT_EMIT_LOC_STRINGS = NO;
				SWIFT_VERSION = 5.0;
				TARGETED_DEVICE_FAMILY = "1,2";
				TEST_HOST = "$(BUILT_PRODUCTS_DIR)/GeoIP.app/GeoIP";
			};
			name = Debug;
		};
		3C53546A27D9483400AC2AD9 /* Release */ = {
			isa = XCBuildConfiguration;
			buildSettings = {
				ALWAYS_EMBED_SWIFT_STANDARD_LIBRARIES = YES;
				BUNDLE_LOADER = "$(TEST_HOST)";
				CODE_SIGN_STYLE = Automatic;
				CURRENT_PROJECT_VERSION = 1;
				DEVELOPMENT_TEAM = FTZ5GSJXFQ;
				GENERATE_INFOPLIST_FILE = YES;
				IPHONEOS_DEPLOYMENT_TARGET = 15.2;
				MARKETING_VERSION = 1.0;
				PRODUCT_BUNDLE_IDENTIFIER = com.icloud.nalaai.GeoIPTests;
				PRODUCT_NAME = "$(TARGET_NAME)";
				SWIFT_EMIT_LOC_STRINGS = NO;
				SWIFT_VERSION = 5.0;
				TARGETED_DEVICE_FAMILY = "1,2";
				TEST_HOST = "$(BUILT_PRODUCTS_DIR)/GeoIP.app/GeoIP";
			};
			name = Release;
		};
		3C53546C27D9483400AC2AD9 /* Debug */ = {
			isa = XCBuildConfiguration;
			buildSettings = {
				ALWAYS_EMBED_SWIFT_STANDARD_LIBRARIES = YES;
				CODE_SIGN_STYLE = Automatic;
				CURRENT_PROJECT_VERSION = 1;
				DEVELOPMENT_TEAM = FTZ5GSJXFQ;
				GENERATE_INFOPLIST_FILE = YES;
				MARKETING_VERSION = 1.0;
				PRODUCT_BUNDLE_IDENTIFIER = com.icloud.nalaai.GeoIPUITests;
				PRODUCT_NAME = "$(TARGET_NAME)";
				SWIFT_EMIT_LOC_STRINGS = NO;
				SWIFT_VERSION = 5.0;
				TARGETED_DEVICE_FAMILY = "1,2";
				TEST_TARGET_NAME = GeoIP;
			};
			name = Debug;
		};
		3C53546D27D9483400AC2AD9 /* Release */ = {
			isa = XCBuildConfiguration;
			buildSettings = {
				ALWAYS_EMBED_SWIFT_STANDARD_LIBRARIES = YES;
				CODE_SIGN_STYLE = Automatic;
				CURRENT_PROJECT_VERSION = 1;
				DEVELOPMENT_TEAM = FTZ5GSJXFQ;
				GENERATE_INFOPLIST_FILE = YES;
				MARKETING_VERSION = 1.0;
				PRODUCT_BUNDLE_IDENTIFIER = com.icloud.nalaai.GeoIPUITests;
				PRODUCT_NAME = "$(TARGET_NAME)";
				SWIFT_EMIT_LOC_STRINGS = NO;
				SWIFT_VERSION = 5.0;
				TARGETED_DEVICE_FAMILY = "1,2";
				TEST_TARGET_NAME = GeoIP;
			};
			name = Release;
		};
/* End XCBuildConfiguration section */

/* Begin XCConfigurationList section */
		3C53543727D9483300AC2AD9 /* Build configuration list for PBXProject "GeoIP" */ = {
			isa = XCConfigurationList;
			buildConfigurations = (
				3C53546327D9483400AC2AD9 /* Debug */,
				3C53546427D9483400AC2AD9 /* Release */,
			);
			defaultConfigurationIsVisible = 0;
			defaultConfigurationName = Release;
		};
		3C53546527D9483400AC2AD9 /* Build configuration list for PBXNativeTarget "GeoIP" */ = {
			isa = XCConfigurationList;
			buildConfigurations = (
				3C53546627D9483400AC2AD9 /* Debug */,
				3C53546727D9483400AC2AD9 /* Release */,
			);
			defaultConfigurationIsVisible = 0;
			defaultConfigurationName = Release;
		};
		3C53546827D9483400AC2AD9 /* Build configuration list for PBXNativeTarget "GeoIPTests" */ = {
			isa = XCConfigurationList;
			buildConfigurations = (
				3C53546927D9483400AC2AD9 /* Debug */,
				3C53546A27D9483400AC2AD9 /* Release */,
			);
			defaultConfigurationIsVisible = 0;
			defaultConfigurationName = Release;
		};
		3C53546B27D9483400AC2AD9 /* Build configuration list for PBXNativeTarget "GeoIPUITests" */ = {
			isa = XCConfigurationList;
			buildConfigurations = (
				3C53546C27D9483400AC2AD9 /* Debug */,
				3C53546D27D9483400AC2AD9 /* Release */,
			);
			defaultConfigurationIsVisible = 0;
			defaultConfigurationName = Release;
		};
/* End XCConfigurationList section */

/* Begin XCVersionGroup section */
		3C53544A27D9483400AC2AD9 /* GeoIP.xcdatamodeld */ = {
			isa = XCVersionGroup;
			children = (
				3C53544B27D9483400AC2AD9 /* GeoIP.xcdatamodel */,
			);
			currentVersion = 3C53544B27D9483400AC2AD9 /* GeoIP.xcdatamodel */;
			path = GeoIP.xcdatamodeld;
			sourceTree = "<group>";
			versionGroupType = wrapper.xcdatamodel;
		};
/* End XCVersionGroup section */
	};
	rootObject = 3C53543427D9483300AC2AD9 /* Project object */;
}
